
Microsoft Visual Studio Solution File, Format Version 12.00
# Visual Studio Version 17
VisualStudioVersion = 17.7.34031.279
MinimumVisualStudioVersion = 10.0.40219.1
Project("{9A19103F-16F7-4668-BE54-9A1E7A4F7556}") = "PresentationLayer", "PresentationLayer\PresentationLayer.csproj", "{65342B2C-4754-46E2-912A-8CB88E95A096}"
EndProject
Project("{9A19103F-16F7-4668-BE54-9A1E7A4F7556}") = "DAL", "DAL\DAL.csproj", "{60ABB3E7-9B51-4496-BEF7-E6CF66117BDF}"
EndProject
Project("{9A19103F-16F7-4668-BE54-9A1E7A4F7556}") = "Controller", "Controller\Controller.csproj", "{C7D59D33-FDCC-491D-9A2E-86EB3D09C7DE}"
EndProject
Project("{FAE04EC0-301F-11D3-BF4B-00C04F79EFBC}") = "utilities", "utilities\utilities.csproj", "{BF0DF5D7-6E62-4C3C-AE85-B90ADA36BA06}"
EndProject
Global
	GlobalSection(SolutionConfigurationPlatforms) = preSolution
		Debug|Any CPU = Debug|Any CPU
		Release|Any CPU = Release|Any CPU
	EndGlobalSection
	GlobalSection(ProjectConfigurationPlatforms) = postSolution
		{65342B2C-4754-46E2-912A-8CB88E95A096}.Debug|Any CPU.ActiveCfg = Debug|Any CPU
		{65342B2C-4754-46E2-912A-8CB88E95A096}.Debug|Any CPU.Build.0 = Debug|Any CPU
		{65342B2C-4754-46E2-912A-8CB88E95A096}.Release|Any CPU.ActiveCfg = Release|Any CPU
		{65342B2C-4754-46E2-912A-8CB88E95A096}.Release|Any CPU.Build.0 = Release|Any CPU
		{60ABB3E7-9B51-4496-BEF7-E6CF66117BDF}.Debug|Any CPU.ActiveCfg = Debug|Any CPU
		{60ABB3E7-9B51-4496-BEF7-E6CF66117BDF}.Debug|Any CPU.Build.0 = Debug|Any CPU
		{60ABB3E7-9B51-4496-BEF7-E6CF66117BDF}.Release|Any CPU.ActiveCfg = Release|Any CPU
		{60ABB3E7-9B51-4496-BEF7-E6CF66117BDF}.Release|Any CPU.Build.0 = Release|Any CPU
		{C7D59D33-FDCC-491D-9A2E-86EB3D09C7DE}.Debug|Any CPU.ActiveCfg = Debug|Any CPU
		{C7D59D33-FDCC-491D-9A2E-86EB3D09C7DE}.Debug|Any CPU.Build.0 = Debug|Any CPU
		{C7D59D33-FDCC-491D-9A2E-86EB3D09C7DE}.Release|Any CPU.ActiveCfg = Release|Any CPU
		{C7D59D33-FDCC-491D-9A2E-86EB3D09C7DE}.Release|Any CPU.Build.0 = Release|Any CPU
		{BF0DF5D7-6E62-4C3C-AE85-B90ADA36BA06}.Debug|Any CPU.ActiveCfg = Debug|Any CPU
		{BF0DF5D7-6E62-4C3C-AE85-B90ADA36BA06}.Debug|Any CPU.Build.0 = Debug|Any CPU
		{BF0DF5D7-6E62-4C3C-AE85-B90ADA36BA06}.Release|Any CPU.ActiveCfg = Release|Any CPU
		{BF0DF5D7-6E62-4C3C-AE85-B90ADA36BA06}.Release|Any CPU.Build.0 = Release|Any CPU
	EndGlobalSection
	GlobalSection(SolutionProperties) = preSolution
		HideSolutionNode = FALSE
	EndGlobalSection
	GlobalSection(ExtensibilityGlobals) = postSolution
		SolutionGuid = {8464AAE7-D0CD-4FBE-B231-31B3FEB6CB6F}
	EndGlobalSection
EndGlobal
